
Microsoft Visual Studio Solution File, Format Version 12.00
# Visual Studio Version 17
VisualStudioVersion = 17.9.34728.123
MinimumVisualStudioVersion = 10.0.40219.1
Project("{FAE04EC0-301F-11D3-BF4B-00C04F79EFBC}") = "HeadsetMultpointSwitcher", "HeadsetMultpointSwitcher\HeadsetMultpointSwitcher.csproj", "{D0E9F040-246A-4E5D-8494-B0FC878ED5EF}"
EndProject
Global
	GlobalSection(SolutionConfigurationPlatforms) = preSolution
		Debug|Any CPU = Debug|Any CPU
		Release|Any CPU = Release|Any CPU
	EndGlobalSection
	GlobalSection(ProjectConfigurationPlatforms) = postSolution
		{D0E9F040-246A-4E5D-8494-B0FC878ED5EF}.Debug|Any CPU.ActiveCfg = Debug|Any CPU
		{D0E9F040-246A-4E5D-8494-B0FC878ED5EF}.Debug|Any CPU.Build.0 = Debug|Any CPU
		{D0E9F040-246A-4E5D-8494-B0FC878ED5EF}.Release|Any CPU.ActiveCfg = Release|Any CPU
		{D0E9F040-246A-4E5D-8494-B0FC878ED5EF}.Release|Any CPU.Build.0 = Release|Any CPU
	EndGlobalSection
	GlobalSection(SolutionProperties) = preSolution
		HideSolutionNode = FALSE
	EndGlobalSection
	GlobalSection(ExtensibilityGlobals) = postSolution
		SolutionGuid = {64B07793-D831-4582-B9D4-184193B84EA4}
	EndGlobalSection
EndGlobal
